// !$*UTF8*$!
{
	archiveVersion = 1;
	classes = {
	};
	objectVersion = 54;
	objects = {

/* Begin PBXBuildFile section */
		00E356F31AD99517003FC87E /* regexQuizTests.m in Sources */ = {isa = PBXBuildFile; fileRef = 00E356F21AD99517003FC87E /* regexQuizTests.m */; };
		13B07FBC1A68108700A75B9A /* AppDelegate.m in Sources */ = {isa = PBXBuildFile; fileRef = 13B07FB01A68108700A75B9A /* AppDelegate.m */; };
		13B07FBF1A68108700A75B9A /* Images.xcassets in Resources */ = {isa = PBXBuildFile; fileRef = 13B07FB51A68108700A75B9A /* Images.xcassets */; };
		13B07FC11A68108700A75B9A /* main.m in Sources */ = {isa = PBXBuildFile; fileRef = 13B07FB71A68108700A75B9A /* main.m */; };
		6172F2D35A4C3AA820D92908 /* libPods-regexQuiz.a in Frameworks */ = {isa = PBXBuildFile; fileRef = 6423831EA8574132BED9D8CC /* libPods-regexQuiz.a */; };
		7EF68E3733C33B6898317E18 /* libPods-regexQuiz-regexQuizTests.a in Frameworks */ = {isa = PBXBuildFile; fileRef = ABFE59519B596E51CEFDCCC0 /* libPods-regexQuiz-regexQuizTests.a */; };
		81AB9BB82411601600AC10FF /* LaunchScreen.storyboard in Resources */ = {isa = PBXBuildFile; fileRef = 81AB9BB72411601600AC10FF /* LaunchScreen.storyboard */; };
		B15CBFA9C1824FE9AEB821F0 /* AntDesign.ttf in Resources */ = {isa = PBXBuildFile; fileRef = 3F5C96FD7ECC40FD8C72924B /* AntDesign.ttf */; };
		BDF15893E1BF4318BEA02829 /* Entypo.ttf in Resources */ = {isa = PBXBuildFile; fileRef = C2F97A22A30B43F4B6B08C41 /* Entypo.ttf */; };
		2EB2F23D8C01449385EAE858 /* EvilIcons.ttf in Resources */ = {isa = PBXBuildFile; fileRef = A23C32FA20E5402589C8CDB2 /* EvilIcons.ttf */; };
		E64A7471D6424881920F898D /* Feather.ttf in Resources */ = {isa = PBXBuildFile; fileRef = 6642C3CD9D9F4ABD821C3F65 /* Feather.ttf */; };
		3BB3EDC32A044A38AC925BEA /* FontAwesome.ttf in Resources */ = {isa = PBXBuildFile; fileRef = 6E57152DE2E748CDA6249A11 /* FontAwesome.ttf */; };
		2E072D4EB61A43359F6810F5 /* FontAwesome5_Brands.ttf in Resources */ = {isa = PBXBuildFile; fileRef = F8ED5B776E5F46468933F016 /* FontAwesome5_Brands.ttf */; };
		F1C67A29DB1E43FE9196340C /* FontAwesome5_Regular.ttf in Resources */ = {isa = PBXBuildFile; fileRef = 3B62FE5B0E79426DA18E4B2D /* FontAwesome5_Regular.ttf */; };
		D99C4FADB02A40CDA39C9602 /* FontAwesome5_Solid.ttf in Resources */ = {isa = PBXBuildFile; fileRef = 0106AF66E5ED4FCAB9873A42 /* FontAwesome5_Solid.ttf */; };
		2A2C5BF7CE2049ABBF616F10 /* Fontisto.ttf in Resources */ = {isa = PBXBuildFile; fileRef = 0DEF41D69E4242BCB2E42008 /* Fontisto.ttf */; };
		504EE5B3FD944914929DABB1 /* Foundation.ttf in Resources */ = {isa = PBXBuildFile; fileRef = 538CBCE6F95549008AE1CB68 /* Foundation.ttf */; };
		ACE5EDBF0BE2412BBCB93637 /* Ionicons.ttf in Resources */ = {isa = PBXBuildFile; fileRef = B51B478F39C0466A98561007 /* Ionicons.ttf */; };
		FC423FA766214781B84A0DCE /* MaterialCommunityIcons.ttf in Resources */ = {isa = PBXBuildFile; fileRef = F1E6DAF676484CE285F20FD4 /* MaterialCommunityIcons.ttf */; };
		12256E5AEF9F49E1AEF3993D /* MaterialIcons.ttf in Resources */ = {isa = PBXBuildFile; fileRef = 84F8E905D76E4A19941986D0 /* MaterialIcons.ttf */; };
		8EFC2A3C2BC040EFB1BE4360 /* Octicons.ttf in Resources */ = {isa = PBXBuildFile; fileRef = 2130717B4C5648F88F56BA83 /* Octicons.ttf */; };
		2BDCFBC124734B1DB8D176CA /* SimpleLineIcons.ttf in Resources */ = {isa = PBXBuildFile; fileRef = 45192E3C194F413586958EC2 /* SimpleLineIcons.ttf */; };
		F581E97DD64B458C8DE5DBD0 /* Zocial.ttf in Resources */ = {isa = PBXBuildFile; fileRef = C45A7FF62F7841FAAA95007A /* Zocial.ttf */; };
		4F1B0D388D284EF985A402AF /* Poppins-Black.ttf in Resources */ = {isa = PBXBuildFile; fileRef = 93C2E8DF92ED4DD3BA28C2B5 /* Poppins-Black.ttf */; };
		51D235721CA34BEFAE556155 /* Poppins-BlackItalic.ttf in Resources */ = {isa = PBXBuildFile; fileRef = BF1C4F6E7D0E4E5FBD6D2105 /* Poppins-BlackItalic.ttf */; };
		06EBE8676E7C488CAB135653 /* Poppins-Bold.ttf in Resources */ = {isa = PBXBuildFile; fileRef = E2CCBEB15E8D49E2B42C6D7D /* Poppins-Bold.ttf */; };
		9BA89DEE0E4E48BBB9607B42 /* Poppins-BoldItalic.ttf in Resources */ = {isa = PBXBuildFile; fileRef = BABC0688FF9A489680A68F00 /* Poppins-BoldItalic.ttf */; };
		1166415738104A7692CE2EBE /* Poppins-ExtraBold.ttf in Resources */ = {isa = PBXBuildFile; fileRef = A29C00DFC7954D4897045D67 /* Poppins-ExtraBold.ttf */; };
		B641D05A06EA4FB7BF021F77 /* Poppins-ExtraBoldItalic.ttf in Resources */ = {isa = PBXBuildFile; fileRef = 6024834DB6994B33961D91C2 /* Poppins-ExtraBoldItalic.ttf */; };
		60998D0CCBF847768EB62BE2 /* Poppins-ExtraLight.ttf in Resources */ = {isa = PBXBuildFile; fileRef = 978B0E97B0444795AEE4EE52 /* Poppins-ExtraLight.ttf */; };
		77D2E001A05B436188038210 /* Poppins-ExtraLightItalic.ttf in Resources */ = {isa = PBXBuildFile; fileRef = C6EE1577D1AA48928209B17C /* Poppins-ExtraLightItalic.ttf */; };
		348B2F9013D74A54A650CC8F /* Poppins-Italic.ttf in Resources */ = {isa = PBXBuildFile; fileRef = E1EB31BB046D483A9F0C16E6 /* Poppins-Italic.ttf */; };
		C6474E12D4754B779B89F49C /* Poppins-Light.ttf in Resources */ = {isa = PBXBuildFile; fileRef = 2297184FF4034DBB88CF73ED /* Poppins-Light.ttf */; };
		2E7578537CCA4C269D57FF28 /* Poppins-LightItalic.ttf in Resources */ = {isa = PBXBuildFile; fileRef = 72D21FCF4C3C4B24A3D75463 /* Poppins-LightItalic.ttf */; };
		6DF639201E6B442883F6D5A2 /* Poppins-Medium.ttf in Resources */ = {isa = PBXBuildFile; fileRef = EDE447C59EDE4CDE87E18709 /* Poppins-Medium.ttf */; };
		A347AC2038814AFFB311DCF4 /* Poppins-MediumItalic.ttf in Resources */ = {isa = PBXBuildFile; fileRef = CD617A2784424CE9A6265B7C /* Poppins-MediumItalic.ttf */; };
		0DE025E005DE45EEB59C2F3A /* Poppins-Regular.ttf in Resources */ = {isa = PBXBuildFile; fileRef = 95C94F8F604442798FDF8358 /* Poppins-Regular.ttf */; };
		CF06B7AF10B64B029528A3F0 /* Poppins-SemiBold.ttf in Resources */ = {isa = PBXBuildFile; fileRef = AFE4FBC6B5E04AB398566A84 /* Poppins-SemiBold.ttf */; };
		5A35E4BF4B79472CA469FE99 /* Poppins-SemiBoldItalic.ttf in Resources */ = {isa = PBXBuildFile; fileRef = F98EBACB663546808254444B /* Poppins-SemiBoldItalic.ttf */; };
		9C53E5DA45E547529DD60B72 /* Poppins-Thin.ttf in Resources */ = {isa = PBXBuildFile; fileRef = 24C494FA549B4A269203FBA0 /* Poppins-Thin.ttf */; };
		50D25F5611EC4C3EAC4EBDB4 /* Poppins-ThinItalic.ttf in Resources */ = {isa = PBXBuildFile; fileRef = F5C8E20C5B3F4E4A89106DD4 /* Poppins-ThinItalic.ttf */; };
		B94044057E884A26BBB146AC /* Roboto-Black.ttf in Resources */ = {isa = PBXBuildFile; fileRef = 84FCB00C86194F6486D36570 /* Roboto-Black.ttf */; };
		1DC9DCBA161E47079D88F6B5 /* Roboto-BlackItalic.ttf in Resources */ = {isa = PBXBuildFile; fileRef = C12D3E78EEC341EBB5825D2A /* Roboto-BlackItalic.ttf */; };
		52640BBB534E44BDBAC045CF /* Roboto-Bold.ttf in Resources */ = {isa = PBXBuildFile; fileRef = EF9CE9CF40C44FFEB841C9B2 /* Roboto-Bold.ttf */; };
		66FE02067FC64F65B2DCAA5F /* Roboto-BoldItalic.ttf in Resources */ = {isa = PBXBuildFile; fileRef = 2B0D6129BFAD4D818EEE9BAB /* Roboto-BoldItalic.ttf */; };
		268F87CF172E4E7297D35ADE /* Roboto-Italic.ttf in Resources */ = {isa = PBXBuildFile; fileRef = B0B734478939479B993400F6 /* Roboto-Italic.ttf */; };
		49F62A1E9902445187E2E533 /* Roboto-Light.ttf in Resources */ = {isa = PBXBuildFile; fileRef = 9D1818C31BE5460C87848742 /* Roboto-Light.ttf */; };
		5295536F9C834BD3808817F2 /* Roboto-LightItalic.ttf in Resources */ = {isa = PBXBuildFile; fileRef = F7502A4CAB2C46259ADB4AD5 /* Roboto-LightItalic.ttf */; };
		2E3F4827EE8C49C0A120FF2A /* Roboto-Medium.ttf in Resources */ = {isa = PBXBuildFile; fileRef = FECDB046F59242F3AE3A6CC4 /* Roboto-Medium.ttf */; };
		2F497E9A8E3C43A58663A7E3 /* Roboto-MediumItalic.ttf in Resources */ = {isa = PBXBuildFile; fileRef = 54D1A6AB5A284B74AE87974E /* Roboto-MediumItalic.ttf */; };
		8391B0B3F78441D2A69A0F27 /* Roboto-Regular.ttf in Resources */ = {isa = PBXBuildFile; fileRef = 33C76D18AF154189AC4E59C2 /* Roboto-Regular.ttf */; };
		BFF779CE604B487B8952CD32 /* Roboto-Thin.ttf in Resources */ = {isa = PBXBuildFile; fileRef = 8B7C2378CA2D435383482E22 /* Roboto-Thin.ttf */; };
		CA1575C4818248EA9785AE59 /* Roboto-ThinItalic.ttf in Resources */ = {isa = PBXBuildFile; fileRef = 3265393AC89A4B78A4EBEAC9 /* Roboto-ThinItalic.ttf */; };
		E0F67B72F83C4126A6EC8F5E /* RobotoMono-Bold.ttf in Resources */ = {isa = PBXBuildFile; fileRef = CE7F5D0B27F145CE8B271FC8 /* RobotoMono-Bold.ttf */; };
		9317218AC0274F4FB479F4BC /* RobotoMono-BoldItalic.ttf in Resources */ = {isa = PBXBuildFile; fileRef = AD175E5D89A44C66A606EA6E /* RobotoMono-BoldItalic.ttf */; };
		C5B72D10F5CA41D9A87EBEC8 /* RobotoMono-ExtraLight.ttf in Resources */ = {isa = PBXBuildFile; fileRef = AECFE87782B84BBCB7B90350 /* RobotoMono-ExtraLight.ttf */; };
		E02C9E2257EA4DF4A940BBB0 /* RobotoMono-ExtraLightItalic.ttf in Resources */ = {isa = PBXBuildFile; fileRef = EF1018BED09042799D648603 /* RobotoMono-ExtraLightItalic.ttf */; };
		D8AE6B7C2A0048E3970A1EA4 /* RobotoMono-Italic.ttf in Resources */ = {isa = PBXBuildFile; fileRef = 932CE48D0A954DDDB330C7A4 /* RobotoMono-Italic.ttf */; };
		38EA2147BFD541ABA4DF8ABD /* RobotoMono-Light.ttf in Resources */ = {isa = PBXBuildFile; fileRef = 7286EBBA7852416F82C8BEE6 /* RobotoMono-Light.ttf */; };
		CAB64CBBFFC04B0D9B335B71 /* RobotoMono-LightItalic.ttf in Resources */ = {isa = PBXBuildFile; fileRef = BC01DA62E18343DFBA60879C /* RobotoMono-LightItalic.ttf */; };
		84F24B0C10794D58BAD14F3F /* RobotoMono-Medium.ttf in Resources */ = {isa = PBXBuildFile; fileRef = 4E735EB8A29A4C06A14A457D /* RobotoMono-Medium.ttf */; };
		E0722156F88642958AEA871B /* RobotoMono-MediumItalic.ttf in Resources */ = {isa = PBXBuildFile; fileRef = 2C06599A7A244924931CA8EF /* RobotoMono-MediumItalic.ttf */; };
		9275EC6DF3D64C7A8922E5F7 /* RobotoMono-Regular.ttf in Resources */ = {isa = PBXBuildFile; fileRef = 314FF81E57114FC9AF8809D7 /* RobotoMono-Regular.ttf */; };
		2CFE2E3E92E74E16A0A05B37 /* RobotoMono-SemiBold.ttf in Resources */ = {isa = PBXBuildFile; fileRef = 4FDAA2DE692F4E4BA0B6162B /* RobotoMono-SemiBold.ttf */; };
		D1969A67A37B466487122BDA /* RobotoMono-SemiBoldItalic.ttf in Resources */ = {isa = PBXBuildFile; fileRef = F447845780DB4E3DBEEF914C /* RobotoMono-SemiBoldItalic.ttf */; };
		B5AF8EF9193E4C4CAA1511AD /* RobotoMono-Thin.ttf in Resources */ = {isa = PBXBuildFile; fileRef = 8CE8BCCFF6174DA59FDFF367 /* RobotoMono-Thin.ttf */; };
		2326F8FB47D44BA3B8E2DCC4 /* RobotoMono-ThinItalic.ttf in Resources */ = {isa = PBXBuildFile; fileRef = F06A8A06D69A4E998CF2011B /* RobotoMono-ThinItalic.ttf */; };
/* End PBXBuildFile section */

/* Begin PBXContainerItemProxy section */
		00E356F41AD99517003FC87E /* PBXContainerItemProxy */ = {
			isa = PBXContainerItemProxy;
			containerPortal = 83CBB9F71A601CBA00E9B192 /* Project object */;
			proxyType = 1;
			remoteGlobalIDString = 13B07F861A680F5B00A75B9A;
			remoteInfo = regexQuiz;
		};
/* End PBXContainerItemProxy section */

/* Begin PBXFileReference section */
		00E356EE1AD99517003FC87E /* regexQuizTests.xctest */ = {isa = PBXFileReference; explicitFileType = wrapper.cfbundle; includeInIndex = 0; path = regexQuizTests.xctest; sourceTree = BUILT_PRODUCTS_DIR; };
		00E356F11AD99517003FC87E /* Info.plist */ = {isa = PBXFileReference; lastKnownFileType = text.plist.xml; path = Info.plist; sourceTree = "<group>"; };
		00E356F21AD99517003FC87E /* regexQuizTests.m */ = {isa = PBXFileReference; lastKnownFileType = sourcecode.c.objc; path = regexQuizTests.m; sourceTree = "<group>"; };
		13B07F961A680F5B00A75B9A /* regexQuiz.app */ = {isa = PBXFileReference; explicitFileType = wrapper.application; includeInIndex = 0; path = regexQuiz.app; sourceTree = BUILT_PRODUCTS_DIR; };
		13B07FAF1A68108700A75B9A /* AppDelegate.h */ = {isa = PBXFileReference; fileEncoding = 4; lastKnownFileType = sourcecode.c.h; name = AppDelegate.h; path = regexQuiz/AppDelegate.h; sourceTree = "<group>"; };
		13B07FB01A68108700A75B9A /* AppDelegate.m */ = {isa = PBXFileReference; fileEncoding = 4; lastKnownFileType = sourcecode.c.objc; name = AppDelegate.m; path = regexQuiz/AppDelegate.m; sourceTree = "<group>"; };
		13B07FB51A68108700A75B9A /* Images.xcassets */ = {isa = PBXFileReference; lastKnownFileType = folder.assetcatalog; name = Images.xcassets; path = regexQuiz/Images.xcassets; sourceTree = "<group>"; };
		13B07FB61A68108700A75B9A /* Info.plist */ = {isa = PBXFileReference; fileEncoding = 4; lastKnownFileType = text.plist.xml; name = Info.plist; path = regexQuiz/Info.plist; sourceTree = "<group>"; };
		13B07FB71A68108700A75B9A /* main.m */ = {isa = PBXFileReference; fileEncoding = 4; lastKnownFileType = sourcecode.c.objc; name = main.m; path = regexQuiz/main.m; sourceTree = "<group>"; };
		1D0AE47A65C8663E3B452821 /* Pods-regexQuiz-regexQuizTests.release.xcconfig */ = {isa = PBXFileReference; includeInIndex = 1; lastKnownFileType = text.xcconfig; name = "Pods-regexQuiz-regexQuizTests.release.xcconfig"; path = "Target Support Files/Pods-regexQuiz-regexQuizTests/Pods-regexQuiz-regexQuizTests.release.xcconfig"; sourceTree = "<group>"; };
		6423831EA8574132BED9D8CC /* libPods-regexQuiz.a */ = {isa = PBXFileReference; explicitFileType = archive.ar; includeInIndex = 0; path = "libPods-regexQuiz.a"; sourceTree = BUILT_PRODUCTS_DIR; };
		6C97AB639B58BBB4B15BBE30 /* Pods-regexQuiz-regexQuizTests.debug.xcconfig */ = {isa = PBXFileReference; includeInIndex = 1; lastKnownFileType = text.xcconfig; name = "Pods-regexQuiz-regexQuizTests.debug.xcconfig"; path = "Target Support Files/Pods-regexQuiz-regexQuizTests/Pods-regexQuiz-regexQuizTests.debug.xcconfig"; sourceTree = "<group>"; };
		81AB9BB72411601600AC10FF /* LaunchScreen.storyboard */ = {isa = PBXFileReference; fileEncoding = 4; lastKnownFileType = file.storyboard; name = LaunchScreen.storyboard; path = regexQuiz/LaunchScreen.storyboard; sourceTree = "<group>"; };
		ABFE59519B596E51CEFDCCC0 /* libPods-regexQuiz-regexQuizTests.a */ = {isa = PBXFileReference; explicitFileType = archive.ar; includeInIndex = 0; path = "libPods-regexQuiz-regexQuizTests.a"; sourceTree = BUILT_PRODUCTS_DIR; };
		C0A881CF5CF3F2B244570E2A /* Pods-regexQuiz.debug.xcconfig */ = {isa = PBXFileReference; includeInIndex = 1; lastKnownFileType = text.xcconfig; name = "Pods-regexQuiz.debug.xcconfig"; path = "Target Support Files/Pods-regexQuiz/Pods-regexQuiz.debug.xcconfig"; sourceTree = "<group>"; };
		D00AAFFCFCFDA5787532823F /* Pods-regexQuiz.release.xcconfig */ = {isa = PBXFileReference; includeInIndex = 1; lastKnownFileType = text.xcconfig; name = "Pods-regexQuiz.release.xcconfig"; path = "Target Support Files/Pods-regexQuiz/Pods-regexQuiz.release.xcconfig"; sourceTree = "<group>"; };
		ED297162215061F000B7C4FE /* JavaScriptCore.framework */ = {isa = PBXFileReference; lastKnownFileType = wrapper.framework; name = JavaScriptCore.framework; path = System/Library/Frameworks/JavaScriptCore.framework; sourceTree = SDKROOT; };
		3F5C96FD7ECC40FD8C72924B /* AntDesign.ttf */ = {isa = PBXFileReference; name = "AntDesign.ttf"; path = "../node_modules/react-native-vector-icons/Fonts/AntDesign.ttf"; sourceTree = "<group>"; fileEncoding = undefined; lastKnownFileType = unknown; explicitFileType = undefined; includeInIndex = 0; };
		C2F97A22A30B43F4B6B08C41 /* Entypo.ttf */ = {isa = PBXFileReference; name = "Entypo.ttf"; path = "../node_modules/react-native-vector-icons/Fonts/Entypo.ttf"; sourceTree = "<group>"; fileEncoding = undefined; lastKnownFileType = unknown; explicitFileType = undefined; includeInIndex = 0; };
		A23C32FA20E5402589C8CDB2 /* EvilIcons.ttf */ = {isa = PBXFileReference; name = "EvilIcons.ttf"; path = "../node_modules/react-native-vector-icons/Fonts/EvilIcons.ttf"; sourceTree = "<group>"; fileEncoding = undefined; lastKnownFileType = unknown; explicitFileType = undefined; includeInIndex = 0; };
		6642C3CD9D9F4ABD821C3F65 /* Feather.ttf */ = {isa = PBXFileReference; name = "Feather.ttf"; path = "../node_modules/react-native-vector-icons/Fonts/Feather.ttf"; sourceTree = "<group>"; fileEncoding = undefined; lastKnownFileType = unknown; explicitFileType = undefined; includeInIndex = 0; };
		6E57152DE2E748CDA6249A11 /* FontAwesome.ttf */ = {isa = PBXFileReference; name = "FontAwesome.ttf"; path = "../node_modules/react-native-vector-icons/Fonts/FontAwesome.ttf"; sourceTree = "<group>"; fileEncoding = undefined; lastKnownFileType = unknown; explicitFileType = undefined; includeInIndex = 0; };
		F8ED5B776E5F46468933F016 /* FontAwesome5_Brands.ttf */ = {isa = PBXFileReference; name = "FontAwesome5_Brands.ttf"; path = "../node_modules/react-native-vector-icons/Fonts/FontAwesome5_Brands.ttf"; sourceTree = "<group>"; fileEncoding = undefined; lastKnownFileType = unknown; explicitFileType = undefined; includeInIndex = 0; };
		3B62FE5B0E79426DA18E4B2D /* FontAwesome5_Regular.ttf */ = {isa = PBXFileReference; name = "FontAwesome5_Regular.ttf"; path = "../node_modules/react-native-vector-icons/Fonts/FontAwesome5_Regular.ttf"; sourceTree = "<group>"; fileEncoding = undefined; lastKnownFileType = unknown; explicitFileType = undefined; includeInIndex = 0; };
		0106AF66E5ED4FCAB9873A42 /* FontAwesome5_Solid.ttf */ = {isa = PBXFileReference; name = "FontAwesome5_Solid.ttf"; path = "../node_modules/react-native-vector-icons/Fonts/FontAwesome5_Solid.ttf"; sourceTree = "<group>"; fileEncoding = undefined; lastKnownFileType = unknown; explicitFileType = undefined; includeInIndex = 0; };
		0DEF41D69E4242BCB2E42008 /* Fontisto.ttf */ = {isa = PBXFileReference; name = "Fontisto.ttf"; path = "../node_modules/react-native-vector-icons/Fonts/Fontisto.ttf"; sourceTree = "<group>"; fileEncoding = undefined; lastKnownFileType = unknown; explicitFileType = undefined; includeInIndex = 0; };
		538CBCE6F95549008AE1CB68 /* Foundation.ttf */ = {isa = PBXFileReference; name = "Foundation.ttf"; path = "../node_modules/react-native-vector-icons/Fonts/Foundation.ttf"; sourceTree = "<group>"; fileEncoding = undefined; lastKnownFileType = unknown; explicitFileType = undefined; includeInIndex = 0; };
		B51B478F39C0466A98561007 /* Ionicons.ttf */ = {isa = PBXFileReference; name = "Ionicons.ttf"; path = "../node_modules/react-native-vector-icons/Fonts/Ionicons.ttf"; sourceTree = "<group>"; fileEncoding = undefined; lastKnownFileType = unknown; explicitFileType = undefined; includeInIndex = 0; };
		F1E6DAF676484CE285F20FD4 /* MaterialCommunityIcons.ttf */ = {isa = PBXFileReference; name = "MaterialCommunityIcons.ttf"; path = "../node_modules/react-native-vector-icons/Fonts/MaterialCommunityIcons.ttf"; sourceTree = "<group>"; fileEncoding = undefined; lastKnownFileType = unknown; explicitFileType = undefined; includeInIndex = 0; };
		84F8E905D76E4A19941986D0 /* MaterialIcons.ttf */ = {isa = PBXFileReference; name = "MaterialIcons.ttf"; path = "../node_modules/react-native-vector-icons/Fonts/MaterialIcons.ttf"; sourceTree = "<group>"; fileEncoding = undefined; lastKnownFileType = unknown; explicitFileType = undefined; includeInIndex = 0; };
		2130717B4C5648F88F56BA83 /* Octicons.ttf */ = {isa = PBXFileReference; name = "Octicons.ttf"; path = "../node_modules/react-native-vector-icons/Fonts/Octicons.ttf"; sourceTree = "<group>"; fileEncoding = undefined; lastKnownFileType = unknown; explicitFileType = undefined; includeInIndex = 0; };
		45192E3C194F413586958EC2 /* SimpleLineIcons.ttf */ = {isa = PBXFileReference; name = "SimpleLineIcons.ttf"; path = "../node_modules/react-native-vector-icons/Fonts/SimpleLineIcons.ttf"; sourceTree = "<group>"; fileEncoding = undefined; lastKnownFileType = unknown; explicitFileType = undefined; includeInIndex = 0; };
		C45A7FF62F7841FAAA95007A /* Zocial.ttf */ = {isa = PBXFileReference; name = "Zocial.ttf"; path = "../node_modules/react-native-vector-icons/Fonts/Zocial.ttf"; sourceTree = "<group>"; fileEncoding = undefined; lastKnownFileType = unknown; explicitFileType = undefined; includeInIndex = 0; };
		93C2E8DF92ED4DD3BA28C2B5 /* Poppins-Black.ttf */ = {isa = PBXFileReference; name = "Poppins-Black.ttf"; path = "../src/view/assets/fonts/Poppins-Black.ttf"; sourceTree = "<group>"; fileEncoding = undefined; lastKnownFileType = unknown; explicitFileType = undefined; includeInIndex = 0; };
		BF1C4F6E7D0E4E5FBD6D2105 /* Poppins-BlackItalic.ttf */ = {isa = PBXFileReference; name = "Poppins-BlackItalic.ttf"; path = "../src/view/assets/fonts/Poppins-BlackItalic.ttf"; sourceTree = "<group>"; fileEncoding = undefined; lastKnownFileType = unknown; explicitFileType = undefined; includeInIndex = 0; };
		E2CCBEB15E8D49E2B42C6D7D /* Poppins-Bold.ttf */ = {isa = PBXFileReference; name = "Poppins-Bold.ttf"; path = "../src/view/assets/fonts/Poppins-Bold.ttf"; sourceTree = "<group>"; fileEncoding = undefined; lastKnownFileType = unknown; explicitFileType = undefined; includeInIndex = 0; };
		BABC0688FF9A489680A68F00 /* Poppins-BoldItalic.ttf */ = {isa = PBXFileReference; name = "Poppins-BoldItalic.ttf"; path = "../src/view/assets/fonts/Poppins-BoldItalic.ttf"; sourceTree = "<group>"; fileEncoding = undefined; lastKnownFileType = unknown; explicitFileType = undefined; includeInIndex = 0; };
		A29C00DFC7954D4897045D67 /* Poppins-ExtraBold.ttf */ = {isa = PBXFileReference; name = "Poppins-ExtraBold.ttf"; path = "../src/view/assets/fonts/Poppins-ExtraBold.ttf"; sourceTree = "<group>"; fileEncoding = undefined; lastKnownFileType = unknown; explicitFileType = undefined; includeInIndex = 0; };
		6024834DB6994B33961D91C2 /* Poppins-ExtraBoldItalic.ttf */ = {isa = PBXFileReference; name = "Poppins-ExtraBoldItalic.ttf"; path = "../src/view/assets/fonts/Poppins-ExtraBoldItalic.ttf"; sourceTree = "<group>"; fileEncoding = undefined; lastKnownFileType = unknown; explicitFileType = undefined; includeInIndex = 0; };
		978B0E97B0444795AEE4EE52 /* Poppins-ExtraLight.ttf */ = {isa = PBXFileReference; name = "Poppins-ExtraLight.ttf"; path = "../src/view/assets/fonts/Poppins-ExtraLight.ttf"; sourceTree = "<group>"; fileEncoding = undefined; lastKnownFileType = unknown; explicitFileType = undefined; includeInIndex = 0; };
		C6EE1577D1AA48928209B17C /* Poppins-ExtraLightItalic.ttf */ = {isa = PBXFileReference; name = "Poppins-ExtraLightItalic.ttf"; path = "../src/view/assets/fonts/Poppins-ExtraLightItalic.ttf"; sourceTree = "<group>"; fileEncoding = undefined; lastKnownFileType = unknown; explicitFileType = undefined; includeInIndex = 0; };
		E1EB31BB046D483A9F0C16E6 /* Poppins-Italic.ttf */ = {isa = PBXFileReference; name = "Poppins-Italic.ttf"; path = "../src/view/assets/fonts/Poppins-Italic.ttf"; sourceTree = "<group>"; fileEncoding = undefined; lastKnownFileType = unknown; explicitFileType = undefined; includeInIndex = 0; };
		2297184FF4034DBB88CF73ED /* Poppins-Light.ttf */ = {isa = PBXFileReference; name = "Poppins-Light.ttf"; path = "../src/view/assets/fonts/Poppins-Light.ttf"; sourceTree = "<group>"; fileEncoding = undefined; lastKnownFileType = unknown; explicitFileType = undefined; includeInIndex = 0; };
		72D21FCF4C3C4B24A3D75463 /* Poppins-LightItalic.ttf */ = {isa = PBXFileReference; name = "Poppins-LightItalic.ttf"; path = "../src/view/assets/fonts/Poppins-LightItalic.ttf"; sourceTree = "<group>"; fileEncoding = undefined; lastKnownFileType = unknown; explicitFileType = undefined; includeInIndex = 0; };
		EDE447C59EDE4CDE87E18709 /* Poppins-Medium.ttf */ = {isa = PBXFileReference; name = "Poppins-Medium.ttf"; path = "../src/view/assets/fonts/Poppins-Medium.ttf"; sourceTree = "<group>"; fileEncoding = undefined; lastKnownFileType = unknown; explicitFileType = undefined; includeInIndex = 0; };
		CD617A2784424CE9A6265B7C /* Poppins-MediumItalic.ttf */ = {isa = PBXFileReference; name = "Poppins-MediumItalic.ttf"; path = "../src/view/assets/fonts/Poppins-MediumItalic.ttf"; sourceTree = "<group>"; fileEncoding = undefined; lastKnownFileType = unknown; explicitFileType = undefined; includeInIndex = 0; };
		95C94F8F604442798FDF8358 /* Poppins-Regular.ttf */ = {isa = PBXFileReference; name = "Poppins-Regular.ttf"; path = "../src/view/assets/fonts/Poppins-Regular.ttf"; sourceTree = "<group>"; fileEncoding = undefined; lastKnownFileType = unknown; explicitFileType = undefined; includeInIndex = 0; };
		AFE4FBC6B5E04AB398566A84 /* Poppins-SemiBold.ttf */ = {isa = PBXFileReference; name = "Poppins-SemiBold.ttf"; path = "../src/view/assets/fonts/Poppins-SemiBold.ttf"; sourceTree = "<group>"; fileEncoding = undefined; lastKnownFileType = unknown; explicitFileType = undefined; includeInIndex = 0; };
		F98EBACB663546808254444B /* Poppins-SemiBoldItalic.ttf */ = {isa = PBXFileReference; name = "Poppins-SemiBoldItalic.ttf"; path = "../src/view/assets/fonts/Poppins-SemiBoldItalic.ttf"; sourceTree = "<group>"; fileEncoding = undefined; lastKnownFileType = unknown; explicitFileType = undefined; includeInIndex = 0; };
		24C494FA549B4A269203FBA0 /* Poppins-Thin.ttf */ = {isa = PBXFileReference; name = "Poppins-Thin.ttf"; path = "../src/view/assets/fonts/Poppins-Thin.ttf"; sourceTree = "<group>"; fileEncoding = undefined; lastKnownFileType = unknown; explicitFileType = undefined; includeInIndex = 0; };
		F5C8E20C5B3F4E4A89106DD4 /* Poppins-ThinItalic.ttf */ = {isa = PBXFileReference; name = "Poppins-ThinItalic.ttf"; path = "../src/view/assets/fonts/Poppins-ThinItalic.ttf"; sourceTree = "<group>"; fileEncoding = undefined; lastKnownFileType = unknown; explicitFileType = undefined; includeInIndex = 0; };
		84FCB00C86194F6486D36570 /* Roboto-Black.ttf */ = {isa = PBXFileReference; name = "Roboto-Black.ttf"; path = "../src/view/assets/fonts/Roboto-Black.ttf"; sourceTree = "<group>"; fileEncoding = undefined; lastKnownFileType = unknown; explicitFileType = undefined; includeInIndex = 0; };
		C12D3E78EEC341EBB5825D2A /* Roboto-BlackItalic.ttf */ = {isa = PBXFileReference; name = "Roboto-BlackItalic.ttf"; path = "../src/view/assets/fonts/Roboto-BlackItalic.ttf"; sourceTree = "<group>"; fileEncoding = undefined; lastKnownFileType = unknown; explicitFileType = undefined; includeInIndex = 0; };
		EF9CE9CF40C44FFEB841C9B2 /* Roboto-Bold.ttf */ = {isa = PBXFileReference; name = "Roboto-Bold.ttf"; path = "../src/view/assets/fonts/Roboto-Bold.ttf"; sourceTree = "<group>"; fileEncoding = undefined; lastKnownFileType = unknown; explicitFileType = undefined; includeInIndex = 0; };
		2B0D6129BFAD4D818EEE9BAB /* Roboto-BoldItalic.ttf */ = {isa = PBXFileReference; name = "Roboto-BoldItalic.ttf"; path = "../src/view/assets/fonts/Roboto-BoldItalic.ttf"; sourceTree = "<group>"; fileEncoding = undefined; lastKnownFileType = unknown; explicitFileType = undefined; includeInIndex = 0; };
		B0B734478939479B993400F6 /* Roboto-Italic.ttf */ = {isa = PBXFileReference; name = "Roboto-Italic.ttf"; path = "../src/view/assets/fonts/Roboto-Italic.ttf"; sourceTree = "<group>"; fileEncoding = undefined; lastKnownFileType = unknown; explicitFileType = undefined; includeInIndex = 0; };
		9D1818C31BE5460C87848742 /* Roboto-Light.ttf */ = {isa = PBXFileReference; name = "Roboto-Light.ttf"; path = "../src/view/assets/fonts/Roboto-Light.ttf"; sourceTree = "<group>"; fileEncoding = undefined; lastKnownFileType = unknown; explicitFileType = undefined; includeInIndex = 0; };
		F7502A4CAB2C46259ADB4AD5 /* Roboto-LightItalic.ttf */ = {isa = PBXFileReference; name = "Roboto-LightItalic.ttf"; path = "../src/view/assets/fonts/Roboto-LightItalic.ttf"; sourceTree = "<group>"; fileEncoding = undefined; lastKnownFileType = unknown; explicitFileType = undefined; includeInIndex = 0; };
		FECDB046F59242F3AE3A6CC4 /* Roboto-Medium.ttf */ = {isa = PBXFileReference; name = "Roboto-Medium.ttf"; path = "../src/view/assets/fonts/Roboto-Medium.ttf"; sourceTree = "<group>"; fileEncoding = undefined; lastKnownFileType = unknown; explicitFileType = undefined; includeInIndex = 0; };
		54D1A6AB5A284B74AE87974E /* Roboto-MediumItalic.ttf */ = {isa = PBXFileReference; name = "Roboto-MediumItalic.ttf"; path = "../src/view/assets/fonts/Roboto-MediumItalic.ttf"; sourceTree = "<group>"; fileEncoding = undefined; lastKnownFileType = unknown; explicitFileType = undefined; includeInIndex = 0; };
		33C76D18AF154189AC4E59C2 /* Roboto-Regular.ttf */ = {isa = PBXFileReference; name = "Roboto-Regular.ttf"; path = "../src/view/assets/fonts/Roboto-Regular.ttf"; sourceTree = "<group>"; fileEncoding = undefined; lastKnownFileType = unknown; explicitFileType = undefined; includeInIndex = 0; };
		8B7C2378CA2D435383482E22 /* Roboto-Thin.ttf */ = {isa = PBXFileReference; name = "Roboto-Thin.ttf"; path = "../src/view/assets/fonts/Roboto-Thin.ttf"; sourceTree = "<group>"; fileEncoding = undefined; lastKnownFileType = unknown; explicitFileType = undefined; includeInIndex = 0; };
		3265393AC89A4B78A4EBEAC9 /* Roboto-ThinItalic.ttf */ = {isa = PBXFileReference; name = "Roboto-ThinItalic.ttf"; path = "../src/view/assets/fonts/Roboto-ThinItalic.ttf"; sourceTree = "<group>"; fileEncoding = undefined; lastKnownFileType = unknown; explicitFileType = undefined; includeInIndex = 0; };
		CE7F5D0B27F145CE8B271FC8 /* RobotoMono-Bold.ttf */ = {isa = PBXFileReference; name = "RobotoMono-Bold.ttf"; path = "../src/view/assets/fonts/RobotoMono-Bold.ttf"; sourceTree = "<group>"; fileEncoding = undefined; lastKnownFileType = unknown; explicitFileType = undefined; includeInIndex = 0; };
		AD175E5D89A44C66A606EA6E /* RobotoMono-BoldItalic.ttf */ = {isa = PBXFileReference; name = "RobotoMono-BoldItalic.ttf"; path = "../src/view/assets/fonts/RobotoMono-BoldItalic.ttf"; sourceTree = "<group>"; fileEncoding = undefined; lastKnownFileType = unknown; explicitFileType = undefined; includeInIndex = 0; };
		AECFE87782B84BBCB7B90350 /* RobotoMono-ExtraLight.ttf */ = {isa = PBXFileReference; name = "RobotoMono-ExtraLight.ttf"; path = "../src/view/assets/fonts/RobotoMono-ExtraLight.ttf"; sourceTree = "<group>"; fileEncoding = undefined; lastKnownFileType = unknown; explicitFileType = undefined; includeInIndex = 0; };
		EF1018BED09042799D648603 /* RobotoMono-ExtraLightItalic.ttf */ = {isa = PBXFileReference; name = "RobotoMono-ExtraLightItalic.ttf"; path = "../src/view/assets/fonts/RobotoMono-ExtraLightItalic.ttf"; sourceTree = "<group>"; fileEncoding = undefined; lastKnownFileType = unknown; explicitFileType = undefined; includeInIndex = 0; };
		932CE48D0A954DDDB330C7A4 /* RobotoMono-Italic.ttf */ = {isa = PBXFileReference; name = "RobotoMono-Italic.ttf"; path = "../src/view/assets/fonts/RobotoMono-Italic.ttf"; sourceTree = "<group>"; fileEncoding = undefined; lastKnownFileType = unknown; explicitFileType = undefined; includeInIndex = 0; };
		7286EBBA7852416F82C8BEE6 /* RobotoMono-Light.ttf */ = {isa = PBXFileReference; name = "RobotoMono-Light.ttf"; path = "../src/view/assets/fonts/RobotoMono-Light.ttf"; sourceTree = "<group>"; fileEncoding = undefined; lastKnownFileType = unknown; explicitFileType = undefined; includeInIndex = 0; };
		BC01DA62E18343DFBA60879C /* RobotoMono-LightItalic.ttf */ = {isa = PBXFileReference; name = "RobotoMono-LightItalic.ttf"; path = "../src/view/assets/fonts/RobotoMono-LightItalic.ttf"; sourceTree = "<group>"; fileEncoding = undefined; lastKnownFileType = unknown; explicitFileType = undefined; includeInIndex = 0; };
		4E735EB8A29A4C06A14A457D /* RobotoMono-Medium.ttf */ = {isa = PBXFileReference; name = "RobotoMono-Medium.ttf"; path = "../src/view/assets/fonts/RobotoMono-Medium.ttf"; sourceTree = "<group>"; fileEncoding = undefined; lastKnownFileType = unknown; explicitFileType = undefined; includeInIndex = 0; };
		2C06599A7A244924931CA8EF /* RobotoMono-MediumItalic.ttf */ = {isa = PBXFileReference; name = "RobotoMono-MediumItalic.ttf"; path = "../src/view/assets/fonts/RobotoMono-MediumItalic.ttf"; sourceTree = "<group>"; fileEncoding = undefined; lastKnownFileType = unknown; explicitFileType = undefined; includeInIndex = 0; };
		314FF81E57114FC9AF8809D7 /* RobotoMono-Regular.ttf */ = {isa = PBXFileReference; name = "RobotoMono-Regular.ttf"; path = "../src/view/assets/fonts/RobotoMono-Regular.ttf"; sourceTree = "<group>"; fileEncoding = undefined; lastKnownFileType = unknown; explicitFileType = undefined; includeInIndex = 0; };
		4FDAA2DE692F4E4BA0B6162B /* RobotoMono-SemiBold.ttf */ = {isa = PBXFileReference; name = "RobotoMono-SemiBold.ttf"; path = "../src/view/assets/fonts/RobotoMono-SemiBold.ttf"; sourceTree = "<group>"; fileEncoding = undefined; lastKnownFileType = unknown; explicitFileType = undefined; includeInIndex = 0; };
		F447845780DB4E3DBEEF914C /* RobotoMono-SemiBoldItalic.ttf */ = {isa = PBXFileReference; name = "RobotoMono-SemiBoldItalic.ttf"; path = "../src/view/assets/fonts/RobotoMono-SemiBoldItalic.ttf"; sourceTree = "<group>"; fileEncoding = undefined; lastKnownFileType = unknown; explicitFileType = undefined; includeInIndex = 0; };
		8CE8BCCFF6174DA59FDFF367 /* RobotoMono-Thin.ttf */ = {isa = PBXFileReference; name = "RobotoMono-Thin.ttf"; path = "../src/view/assets/fonts/RobotoMono-Thin.ttf"; sourceTree = "<group>"; fileEncoding = undefined; lastKnownFileType = unknown; explicitFileType = undefined; includeInIndex = 0; };
		F06A8A06D69A4E998CF2011B /* RobotoMono-ThinItalic.ttf */ = {isa = PBXFileReference; name = "RobotoMono-ThinItalic.ttf"; path = "../src/view/assets/fonts/RobotoMono-ThinItalic.ttf"; sourceTree = "<group>"; fileEncoding = undefined; lastKnownFileType = unknown; explicitFileType = undefined; includeInIndex = 0; };
/* End PBXFileReference section */

/* Begin PBXFrameworksBuildPhase section */
		00E356EB1AD99517003FC87E /* Frameworks */ = {
			isa = PBXFrameworksBuildPhase;
			buildActionMask = 2147483647;
			files = (
				7EF68E3733C33B6898317E18 /* libPods-regexQuiz-regexQuizTests.a in Frameworks */,
			);
			runOnlyForDeploymentPostprocessing = 0;
		};
		13B07F8C1A680F5B00A75B9A /* Frameworks */ = {
			isa = PBXFrameworksBuildPhase;
			buildActionMask = 2147483647;
			files = (
				6172F2D35A4C3AA820D92908 /* libPods-regexQuiz.a in Frameworks */,
			);
			runOnlyForDeploymentPostprocessing = 0;
		};
/* End PBXFrameworksBuildPhase section */

/* Begin PBXGroup section */
		00E356EF1AD99517003FC87E /* regexQuizTests */ = {
			isa = PBXGroup;
			children = (
				00E356F21AD99517003FC87E /* regexQuizTests.m */,
				00E356F01AD99517003FC87E /* Supporting Files */,
			);
			path = regexQuizTests;
			sourceTree = "<group>";
		};
		00E356F01AD99517003FC87E /* Supporting Files */ = {
			isa = PBXGroup;
			children = (
				00E356F11AD99517003FC87E /* Info.plist */,
			);
			name = "Supporting Files";
			sourceTree = "<group>";
		};
		13B07FAE1A68108700A75B9A /* regexQuiz */ = {
			isa = PBXGroup;
			children = (
				13B07FAF1A68108700A75B9A /* AppDelegate.h */,
				13B07FB01A68108700A75B9A /* AppDelegate.m */,
				13B07FB51A68108700A75B9A /* Images.xcassets */,
				13B07FB61A68108700A75B9A /* Info.plist */,
				81AB9BB72411601600AC10FF /* LaunchScreen.storyboard */,
				13B07FB71A68108700A75B9A /* main.m */,
			);
			name = regexQuiz;
			sourceTree = "<group>";
		};
		2D16E6871FA4F8E400B85C8A /* Frameworks */ = {
			isa = PBXGroup;
			children = (
				ED297162215061F000B7C4FE /* JavaScriptCore.framework */,
				6423831EA8574132BED9D8CC /* libPods-regexQuiz.a */,
				ABFE59519B596E51CEFDCCC0 /* libPods-regexQuiz-regexQuizTests.a */,
			);
			name = Frameworks;
			sourceTree = "<group>";
		};
		832341AE1AAA6A7D00B99B32 /* Libraries */ = {
			isa = PBXGroup;
			children = (
			);
			name = Libraries;
			sourceTree = "<group>";
		};
		83CBB9F61A601CBA00E9B192 = {
			isa = PBXGroup;
			children = (
				13B07FAE1A68108700A75B9A /* regexQuiz */,
				832341AE1AAA6A7D00B99B32 /* Libraries */,
				00E356EF1AD99517003FC87E /* regexQuizTests */,
				83CBBA001A601CBA00E9B192 /* Products */,
				2D16E6871FA4F8E400B85C8A /* Frameworks */,
				E233CBF5F47BEE60B243DCF8 /* Pods */,
				7825C5E08AFC404585094519 /* Resources */,
			);
			indentWidth = 2;
			sourceTree = "<group>";
			tabWidth = 2;
			usesTabs = 0;
		};
		83CBBA001A601CBA00E9B192 /* Products */ = {
			isa = PBXGroup;
			children = (
				13B07F961A680F5B00A75B9A /* regexQuiz.app */,
				00E356EE1AD99517003FC87E /* regexQuizTests.xctest */,
			);
			name = Products;
			sourceTree = "<group>";
		};
		E233CBF5F47BEE60B243DCF8 /* Pods */ = {
			isa = PBXGroup;
			children = (
				C0A881CF5CF3F2B244570E2A /* Pods-regexQuiz.debug.xcconfig */,
				D00AAFFCFCFDA5787532823F /* Pods-regexQuiz.release.xcconfig */,
				6C97AB639B58BBB4B15BBE30 /* Pods-regexQuiz-regexQuizTests.debug.xcconfig */,
				1D0AE47A65C8663E3B452821 /* Pods-regexQuiz-regexQuizTests.release.xcconfig */,
			);
			name = Pods;
			path = Pods;
			sourceTree = "<group>";
		};
		7825C5E08AFC404585094519 /* Resources */ = {
			isa = "PBXGroup";
			children = (
				3F5C96FD7ECC40FD8C72924B /* AntDesign.ttf */,
				C2F97A22A30B43F4B6B08C41 /* Entypo.ttf */,
				A23C32FA20E5402589C8CDB2 /* EvilIcons.ttf */,
				6642C3CD9D9F4ABD821C3F65 /* Feather.ttf */,
				6E57152DE2E748CDA6249A11 /* FontAwesome.ttf */,
				F8ED5B776E5F46468933F016 /* FontAwesome5_Brands.ttf */,
				3B62FE5B0E79426DA18E4B2D /* FontAwesome5_Regular.ttf */,
				0106AF66E5ED4FCAB9873A42 /* FontAwesome5_Solid.ttf */,
				0DEF41D69E4242BCB2E42008 /* Fontisto.ttf */,
				538CBCE6F95549008AE1CB68 /* Foundation.ttf */,
				B51B478F39C0466A98561007 /* Ionicons.ttf */,
				F1E6DAF676484CE285F20FD4 /* MaterialCommunityIcons.ttf */,
				84F8E905D76E4A19941986D0 /* MaterialIcons.ttf */,
				2130717B4C5648F88F56BA83 /* Octicons.ttf */,
				45192E3C194F413586958EC2 /* SimpleLineIcons.ttf */,
				C45A7FF62F7841FAAA95007A /* Zocial.ttf */,
				93C2E8DF92ED4DD3BA28C2B5 /* Poppins-Black.ttf */,
				BF1C4F6E7D0E4E5FBD6D2105 /* Poppins-BlackItalic.ttf */,
				E2CCBEB15E8D49E2B42C6D7D /* Poppins-Bold.ttf */,
				BABC0688FF9A489680A68F00 /* Poppins-BoldItalic.ttf */,
				A29C00DFC7954D4897045D67 /* Poppins-ExtraBold.ttf */,
				6024834DB6994B33961D91C2 /* Poppins-ExtraBoldItalic.ttf */,
				978B0E97B0444795AEE4EE52 /* Poppins-ExtraLight.ttf */,
				C6EE1577D1AA48928209B17C /* Poppins-ExtraLightItalic.ttf */,
				E1EB31BB046D483A9F0C16E6 /* Poppins-Italic.ttf */,
				2297184FF4034DBB88CF73ED /* Poppins-Light.ttf */,
				72D21FCF4C3C4B24A3D75463 /* Poppins-LightItalic.ttf */,
				EDE447C59EDE4CDE87E18709 /* Poppins-Medium.ttf */,
				CD617A2784424CE9A6265B7C /* Poppins-MediumItalic.ttf */,
				95C94F8F604442798FDF8358 /* Poppins-Regular.ttf */,
				AFE4FBC6B5E04AB398566A84 /* Poppins-SemiBold.ttf */,
				F98EBACB663546808254444B /* Poppins-SemiBoldItalic.ttf */,
				24C494FA549B4A269203FBA0 /* Poppins-Thin.ttf */,
				F5C8E20C5B3F4E4A89106DD4 /* Poppins-ThinItalic.ttf */,
				84FCB00C86194F6486D36570 /* Roboto-Black.ttf */,
				C12D3E78EEC341EBB5825D2A /* Roboto-BlackItalic.ttf */,
				EF9CE9CF40C44FFEB841C9B2 /* Roboto-Bold.ttf */,
				2B0D6129BFAD4D818EEE9BAB /* Roboto-BoldItalic.ttf */,
				B0B734478939479B993400F6 /* Roboto-Italic.ttf */,
				9D1818C31BE5460C87848742 /* Roboto-Light.ttf */,
				F7502A4CAB2C46259ADB4AD5 /* Roboto-LightItalic.ttf */,
				FECDB046F59242F3AE3A6CC4 /* Roboto-Medium.ttf */,
				54D1A6AB5A284B74AE87974E /* Roboto-MediumItalic.ttf */,
				33C76D18AF154189AC4E59C2 /* Roboto-Regular.ttf */,
				8B7C2378CA2D435383482E22 /* Roboto-Thin.ttf */,
				3265393AC89A4B78A4EBEAC9 /* Roboto-ThinItalic.ttf */,
				CE7F5D0B27F145CE8B271FC8 /* RobotoMono-Bold.ttf */,
				AD175E5D89A44C66A606EA6E /* RobotoMono-BoldItalic.ttf */,
				AECFE87782B84BBCB7B90350 /* RobotoMono-ExtraLight.ttf */,
				EF1018BED09042799D648603 /* RobotoMono-ExtraLightItalic.ttf */,
				932CE48D0A954DDDB330C7A4 /* RobotoMono-Italic.ttf */,
				7286EBBA7852416F82C8BEE6 /* RobotoMono-Light.ttf */,
				BC01DA62E18343DFBA60879C /* RobotoMono-LightItalic.ttf */,
				4E735EB8A29A4C06A14A457D /* RobotoMono-Medium.ttf */,
				2C06599A7A244924931CA8EF /* RobotoMono-MediumItalic.ttf */,
				314FF81E57114FC9AF8809D7 /* RobotoMono-Regular.ttf */,
				4FDAA2DE692F4E4BA0B6162B /* RobotoMono-SemiBold.ttf */,
				F447845780DB4E3DBEEF914C /* RobotoMono-SemiBoldItalic.ttf */,
				8CE8BCCFF6174DA59FDFF367 /* RobotoMono-Thin.ttf */,
				F06A8A06D69A4E998CF2011B /* RobotoMono-ThinItalic.ttf */,
			);
			name = Resources;
			sourceTree = "<group>";
			path = "";
		};
/* End PBXGroup section */

/* Begin PBXNativeTarget section */
		00E356ED1AD99517003FC87E /* regexQuizTests */ = {
			isa = PBXNativeTarget;
			buildConfigurationList = 00E357021AD99517003FC87E /* Build configuration list for PBXNativeTarget "regexQuizTests" */;
			buildPhases = (
				A130D646172E58E1D159D8F2 /* [CP] Check Pods Manifest.lock */,
				00E356EA1AD99517003FC87E /* Sources */,
				00E356EB1AD99517003FC87E /* Frameworks */,
				00E356EC1AD99517003FC87E /* Resources */,
				077E01280D4B4AD18B2E1770 /* [CP] Embed Pods Frameworks */,
				4E62BDF20514810D028A5FBF /* [CP] Copy Pods Resources */,
			);
			buildRules = (
			);
			dependencies = (
				00E356F51AD99517003FC87E /* PBXTargetDependency */,
			);
			name = regexQuizTests;
			productName = regexQuizTests;
			productReference = 00E356EE1AD99517003FC87E /* regexQuizTests.xctest */;
			productType = "com.apple.product-type.bundle.unit-test";
		};
		13B07F861A680F5B00A75B9A /* regexQuiz */ = {
			isa = PBXNativeTarget;
			buildConfigurationList = 13B07F931A680F5B00A75B9A /* Build configuration list for PBXNativeTarget "regexQuiz" */;
			buildPhases = (
				3E482C27206C4DEF2FE45063 /* [CP] Check Pods Manifest.lock */,
				FD10A7F022414F080027D42C /* Start Packager */,
				13B07F871A680F5B00A75B9A /* Sources */,
				13B07F8C1A680F5B00A75B9A /* Frameworks */,
				13B07F8E1A680F5B00A75B9A /* Resources */,
				00DD1BFF1BD5951E006B06BC /* Bundle React Native code and images */,
				C8AC78B0264D0F9F6F6D630E /* [CP] Embed Pods Frameworks */,
				ADC9DDC32298B72B3CF5DC8E /* [CP] Copy Pods Resources */,
			);
			buildRules = (
			);
			dependencies = (
			);
			name = regexQuiz;
			productName = regexQuiz;
			productReference = 13B07F961A680F5B00A75B9A /* regexQuiz.app */;
			productType = "com.apple.product-type.application";
		};
/* End PBXNativeTarget section */

/* Begin PBXProject section */
		83CBB9F71A601CBA00E9B192 /* Project object */ = {
			isa = PBXProject;
			attributes = {
				LastUpgradeCheck = 1210;
				TargetAttributes = {
					00E356ED1AD99517003FC87E = {
						CreatedOnToolsVersion = 6.2;
						TestTargetID = 13B07F861A680F5B00A75B9A;
					};
					13B07F861A680F5B00A75B9A = {
						LastSwiftMigration = 1120;
					};
				};
			};
			buildConfigurationList = 83CBB9FA1A601CBA00E9B192 /* Build configuration list for PBXProject "regexQuiz" */;
			compatibilityVersion = "Xcode 12.0";
			developmentRegion = en;
			hasScannedForEncodings = 0;
			knownRegions = (
				en,
				Base,
			);
			mainGroup = 83CBB9F61A601CBA00E9B192;
			productRefGroup = 83CBBA001A601CBA00E9B192 /* Products */;
			projectDirPath = "";
			projectRoot = "";
			targets = (
				13B07F861A680F5B00A75B9A /* regexQuiz */,
				00E356ED1AD99517003FC87E /* regexQuizTests */,
			);
		};
/* End PBXProject section */

/* Begin PBXResourcesBuildPhase section */
		00E356EC1AD99517003FC87E /* Resources */ = {
			isa = PBXResourcesBuildPhase;
			buildActionMask = 2147483647;
			files = (
			);
			runOnlyForDeploymentPostprocessing = 0;
		};
		13B07F8E1A680F5B00A75B9A /* Resources */ = {
			isa = PBXResourcesBuildPhase;
			buildActionMask = 2147483647;
			files = (
				81AB9BB82411601600AC10FF /* LaunchScreen.storyboard in Resources */,
				13B07FBF1A68108700A75B9A /* Images.xcassets in Resources */,
				B15CBFA9C1824FE9AEB821F0 /* AntDesign.ttf in Resources */,
				BDF15893E1BF4318BEA02829 /* Entypo.ttf in Resources */,
				2EB2F23D8C01449385EAE858 /* EvilIcons.ttf in Resources */,
				E64A7471D6424881920F898D /* Feather.ttf in Resources */,
				3BB3EDC32A044A38AC925BEA /* FontAwesome.ttf in Resources */,
				2E072D4EB61A43359F6810F5 /* FontAwesome5_Brands.ttf in Resources */,
				F1C67A29DB1E43FE9196340C /* FontAwesome5_Regular.ttf in Resources */,
				D99C4FADB02A40CDA39C9602 /* FontAwesome5_Solid.ttf in Resources */,
				2A2C5BF7CE2049ABBF616F10 /* Fontisto.ttf in Resources */,
				504EE5B3FD944914929DABB1 /* Foundation.ttf in Resources */,
				ACE5EDBF0BE2412BBCB93637 /* Ionicons.ttf in Resources */,
				FC423FA766214781B84A0DCE /* MaterialCommunityIcons.ttf in Resources */,
				12256E5AEF9F49E1AEF3993D /* MaterialIcons.ttf in Resources */,
				8EFC2A3C2BC040EFB1BE4360 /* Octicons.ttf in Resources */,
				2BDCFBC124734B1DB8D176CA /* SimpleLineIcons.ttf in Resources */,
				F581E97DD64B458C8DE5DBD0 /* Zocial.ttf in Resources */,
				4F1B0D388D284EF985A402AF /* Poppins-Black.ttf in Resources */,
				51D235721CA34BEFAE556155 /* Poppins-BlackItalic.ttf in Resources */,
				06EBE8676E7C488CAB135653 /* Poppins-Bold.ttf in Resources */,
				9BA89DEE0E4E48BBB9607B42 /* Poppins-BoldItalic.ttf in Resources */,
				1166415738104A7692CE2EBE /* Poppins-ExtraBold.ttf in Resources */,
				B641D05A06EA4FB7BF021F77 /* Poppins-ExtraBoldItalic.ttf in Resources */,
				60998D0CCBF847768EB62BE2 /* Poppins-ExtraLight.ttf in Resources */,
				77D2E001A05B436188038210 /* Poppins-ExtraLightItalic.ttf in Resources */,
				348B2F9013D74A54A650CC8F /* Poppins-Italic.ttf in Resources */,
				C6474E12D4754B779B89F49C /* Poppins-Light.ttf in Resources */,
				2E7578537CCA4C269D57FF28 /* Poppins-LightItalic.ttf in Resources */,
				6DF639201E6B442883F6D5A2 /* Poppins-Medium.ttf in Resources */,
				A347AC2038814AFFB311DCF4 /* Poppins-MediumItalic.ttf in Resources */,
				0DE025E005DE45EEB59C2F3A /* Poppins-Regular.ttf in Resources */,
				CF06B7AF10B64B029528A3F0 /* Poppins-SemiBold.ttf in Resources */,
				5A35E4BF4B79472CA469FE99 /* Poppins-SemiBoldItalic.ttf in Resources */,
				9C53E5DA45E547529DD60B72 /* Poppins-Thin.ttf in Resources */,
				50D25F5611EC4C3EAC4EBDB4 /* Poppins-ThinItalic.ttf in Resources */,
				B94044057E884A26BBB146AC /* Roboto-Black.ttf in Resources */,
				1DC9DCBA161E47079D88F6B5 /* Roboto-BlackItalic.ttf in Resources */,
				52640BBB534E44BDBAC045CF /* Roboto-Bold.ttf in Resources */,
				66FE02067FC64F65B2DCAA5F /* Roboto-BoldItalic.ttf in Resources */,
				268F87CF172E4E7297D35ADE /* Roboto-Italic.ttf in Resources */,
				49F62A1E9902445187E2E533 /* Roboto-Light.ttf in Resources */,
				5295536F9C834BD3808817F2 /* Roboto-LightItalic.ttf in Resources */,
				2E3F4827EE8C49C0A120FF2A /* Roboto-Medium.ttf in Resources */,
				2F497E9A8E3C43A58663A7E3 /* Roboto-MediumItalic.ttf in Resources */,
				8391B0B3F78441D2A69A0F27 /* Roboto-Regular.ttf in Resources */,
				BFF779CE604B487B8952CD32 /* Roboto-Thin.ttf in Resources */,
				CA1575C4818248EA9785AE59 /* Roboto-ThinItalic.ttf in Resources */,
				E0F67B72F83C4126A6EC8F5E /* RobotoMono-Bold.ttf in Resources */,
				9317218AC0274F4FB479F4BC /* RobotoMono-BoldItalic.ttf in Resources */,
				C5B72D10F5CA41D9A87EBEC8 /* RobotoMono-ExtraLight.ttf in Resources */,
				E02C9E2257EA4DF4A940BBB0 /* RobotoMono-ExtraLightItalic.ttf in Resources */,
				D8AE6B7C2A0048E3970A1EA4 /* RobotoMono-Italic.ttf in Resources */,
				38EA2147BFD541ABA4DF8ABD /* RobotoMono-Light.ttf in Resources */,
				CAB64CBBFFC04B0D9B335B71 /* RobotoMono-LightItalic.ttf in Resources */,
				84F24B0C10794D58BAD14F3F /* RobotoMono-Medium.ttf in Resources */,
				E0722156F88642958AEA871B /* RobotoMono-MediumItalic.ttf in Resources */,
				9275EC6DF3D64C7A8922E5F7 /* RobotoMono-Regular.ttf in Resources */,
				2CFE2E3E92E74E16A0A05B37 /* RobotoMono-SemiBold.ttf in Resources */,
				D1969A67A37B466487122BDA /* RobotoMono-SemiBoldItalic.ttf in Resources */,
				B5AF8EF9193E4C4CAA1511AD /* RobotoMono-Thin.ttf in Resources */,
				2326F8FB47D44BA3B8E2DCC4 /* RobotoMono-ThinItalic.ttf in Resources */,
			);
			runOnlyForDeploymentPostprocessing = 0;
		};
/* End PBXResourcesBuildPhase section */

/* Begin PBXShellScriptBuildPhase section */
		00DD1BFF1BD5951E006B06BC /* Bundle React Native code and images */ = {
			isa = PBXShellScriptBuildPhase;
			buildActionMask = 2147483647;
			files = (
			);
			inputPaths = (
			);
			name = "Bundle React Native code and images";
			outputPaths = (
			);
			runOnlyForDeploymentPostprocessing = 0;
			shellPath = /bin/sh;
			shellScript = "set -e\n\nexport NODE_BINARY=node\n../node_modules/react-native/scripts/react-native-xcode.sh\n";
		};
		077E01280D4B4AD18B2E1770 /* [CP] Embed Pods Frameworks */ = {
			isa = PBXShellScriptBuildPhase;
			buildActionMask = 2147483647;
			files = (
			);
			inputFileListPaths = (
				"${PODS_ROOT}/Target Support Files/Pods-regexQuiz-regexQuizTests/Pods-regexQuiz-regexQuizTests-frameworks-${CONFIGURATION}-input-files.xcfilelist",
			);
			name = "[CP] Embed Pods Frameworks";
			outputFileListPaths = (
				"${PODS_ROOT}/Target Support Files/Pods-regexQuiz-regexQuizTests/Pods-regexQuiz-regexQuizTests-frameworks-${CONFIGURATION}-output-files.xcfilelist",
			);
			runOnlyForDeploymentPostprocessing = 0;
			shellPath = /bin/sh;
			shellScript = "\"${PODS_ROOT}/Target Support Files/Pods-regexQuiz-regexQuizTests/Pods-regexQuiz-regexQuizTests-frameworks.sh\"\n";
			showEnvVarsInLog = 0;
		};
		3E482C27206C4DEF2FE45063 /* [CP] Check Pods Manifest.lock */ = {
			isa = PBXShellScriptBuildPhase;
			buildActionMask = 2147483647;
			files = (
			);
			inputFileListPaths = (
			);
			inputPaths = (
				"${PODS_PODFILE_DIR_PATH}/Podfile.lock",
				"${PODS_ROOT}/Manifest.lock",
			);
			name = "[CP] Check Pods Manifest.lock";
			outputFileListPaths = (
			);
			outputPaths = (
				"$(DERIVED_FILE_DIR)/Pods-regexQuiz-checkManifestLockResult.txt",
			);
			runOnlyForDeploymentPostprocessing = 0;
			shellPath = /bin/sh;
			shellScript = "diff \"${PODS_PODFILE_DIR_PATH}/Podfile.lock\" \"${PODS_ROOT}/Manifest.lock\" > /dev/null\nif [ $? != 0 ] ; then\n    # print error to STDERR\n    echo \"error: The sandbox is not in sync with the Podfile.lock. Run 'pod install' or update your CocoaPods installation.\" >&2\n    exit 1\nfi\n# This output is used by Xcode 'outputs' to avoid re-running this script phase.\necho \"SUCCESS\" > \"${SCRIPT_OUTPUT_FILE_0}\"\n";
			showEnvVarsInLog = 0;
		};
		4E62BDF20514810D028A5FBF /* [CP] Copy Pods Resources */ = {
			isa = PBXShellScriptBuildPhase;
			buildActionMask = 2147483647;
			files = (
			);
			inputFileListPaths = (
				"${PODS_ROOT}/Target Support Files/Pods-regexQuiz-regexQuizTests/Pods-regexQuiz-regexQuizTests-resources-${CONFIGURATION}-input-files.xcfilelist",
			);
			name = "[CP] Copy Pods Resources";
			outputFileListPaths = (
				"${PODS_ROOT}/Target Support Files/Pods-regexQuiz-regexQuizTests/Pods-regexQuiz-regexQuizTests-resources-${CONFIGURATION}-output-files.xcfilelist",
			);
			runOnlyForDeploymentPostprocessing = 0;
			shellPath = /bin/sh;
			shellScript = "\"${PODS_ROOT}/Target Support Files/Pods-regexQuiz-regexQuizTests/Pods-regexQuiz-regexQuizTests-resources.sh\"\n";
			showEnvVarsInLog = 0;
		};
		A130D646172E58E1D159D8F2 /* [CP] Check Pods Manifest.lock */ = {
			isa = PBXShellScriptBuildPhase;
			buildActionMask = 2147483647;
			files = (
			);
			inputFileListPaths = (
			);
			inputPaths = (
				"${PODS_PODFILE_DIR_PATH}/Podfile.lock",
				"${PODS_ROOT}/Manifest.lock",
			);
			name = "[CP] Check Pods Manifest.lock";
			outputFileListPaths = (
			);
			outputPaths = (
				"$(DERIVED_FILE_DIR)/Pods-regexQuiz-regexQuizTests-checkManifestLockResult.txt",
			);
			runOnlyForDeploymentPostprocessing = 0;
			shellPath = /bin/sh;
			shellScript = "diff \"${PODS_PODFILE_DIR_PATH}/Podfile.lock\" \"${PODS_ROOT}/Manifest.lock\" > /dev/null\nif [ $? != 0 ] ; then\n    # print error to STDERR\n    echo \"error: The sandbox is not in sync with the Podfile.lock. Run 'pod install' or update your CocoaPods installation.\" >&2\n    exit 1\nfi\n# This output is used by Xcode 'outputs' to avoid re-running this script phase.\necho \"SUCCESS\" > \"${SCRIPT_OUTPUT_FILE_0}\"\n";
			showEnvVarsInLog = 0;
		};
		ADC9DDC32298B72B3CF5DC8E /* [CP] Copy Pods Resources */ = {
			isa = PBXShellScriptBuildPhase;
			buildActionMask = 2147483647;
			files = (
			);
			inputFileListPaths = (
				"${PODS_ROOT}/Target Support Files/Pods-regexQuiz/Pods-regexQuiz-resources-${CONFIGURATION}-input-files.xcfilelist",
			);
			name = "[CP] Copy Pods Resources";
			outputFileListPaths = (
				"${PODS_ROOT}/Target Support Files/Pods-regexQuiz/Pods-regexQuiz-resources-${CONFIGURATION}-output-files.xcfilelist",
			);
			runOnlyForDeploymentPostprocessing = 0;
			shellPath = /bin/sh;
			shellScript = "\"${PODS_ROOT}/Target Support Files/Pods-regexQuiz/Pods-regexQuiz-resources.sh\"\n";
			showEnvVarsInLog = 0;
		};
		C8AC78B0264D0F9F6F6D630E /* [CP] Embed Pods Frameworks */ = {
			isa = PBXShellScriptBuildPhase;
			buildActionMask = 2147483647;
			files = (
			);
			inputFileListPaths = (
				"${PODS_ROOT}/Target Support Files/Pods-regexQuiz/Pods-regexQuiz-frameworks-${CONFIGURATION}-input-files.xcfilelist",
			);
			name = "[CP] Embed Pods Frameworks";
			outputFileListPaths = (
				"${PODS_ROOT}/Target Support Files/Pods-regexQuiz/Pods-regexQuiz-frameworks-${CONFIGURATION}-output-files.xcfilelist",
			);
			runOnlyForDeploymentPostprocessing = 0;
			shellPath = /bin/sh;
			shellScript = "\"${PODS_ROOT}/Target Support Files/Pods-regexQuiz/Pods-regexQuiz-frameworks.sh\"\n";
			showEnvVarsInLog = 0;
		};
		FD10A7F022414F080027D42C /* Start Packager */ = {
			isa = PBXShellScriptBuildPhase;
			buildActionMask = 2147483647;
			files = (
			);
			inputFileListPaths = (
			);
			inputPaths = (
			);
			name = "Start Packager";
			outputFileListPaths = (
			);
			outputPaths = (
			);
			runOnlyForDeploymentPostprocessing = 0;
			shellPath = /bin/sh;
			shellScript = "export RCT_METRO_PORT=\"${RCT_METRO_PORT:=8081}\"\necho \"export RCT_METRO_PORT=${RCT_METRO_PORT}\" > \"${SRCROOT}/../node_modules/react-native/scripts/.packager.env\"\nif [ -z \"${RCT_NO_LAUNCH_PACKAGER+xxx}\" ] ; then\n  if nc -w 5 -z localhost ${RCT_METRO_PORT} ; then\n    if ! curl -s \"http://localhost:${RCT_METRO_PORT}/status\" | grep -q \"packager-status:running\" ; then\n      echo \"Port ${RCT_METRO_PORT} already in use, packager is either not running or not running correctly\"\n      exit 2\n    fi\n  else\n    open \"$SRCROOT/../node_modules/react-native/scripts/launchPackager.command\" || echo \"Can't start packager automatically\"\n  fi\nfi\n";
			showEnvVarsInLog = 0;
		};
/* End PBXShellScriptBuildPhase section */

/* Begin PBXSourcesBuildPhase section */
		00E356EA1AD99517003FC87E /* Sources */ = {
			isa = PBXSourcesBuildPhase;
			buildActionMask = 2147483647;
			files = (
				00E356F31AD99517003FC87E /* regexQuizTests.m in Sources */,
			);
			runOnlyForDeploymentPostprocessing = 0;
		};
		13B07F871A680F5B00A75B9A /* Sources */ = {
			isa = PBXSourcesBuildPhase;
			buildActionMask = 2147483647;
			files = (
				13B07FBC1A68108700A75B9A /* AppDelegate.m in Sources */,
				13B07FC11A68108700A75B9A /* main.m in Sources */,
			);
			runOnlyForDeploymentPostprocessing = 0;
		};
/* End PBXSourcesBuildPhase section */

/* Begin PBXTargetDependency section */
		00E356F51AD99517003FC87E /* PBXTargetDependency */ = {
			isa = PBXTargetDependency;
			target = 13B07F861A680F5B00A75B9A /* regexQuiz */;
			targetProxy = 00E356F41AD99517003FC87E /* PBXContainerItemProxy */;
		};
/* End PBXTargetDependency section */

/* Begin XCBuildConfiguration section */
		00E356F61AD99517003FC87E /* Debug */ = {
			isa = XCBuildConfiguration;
			baseConfigurationReference = 6C97AB639B58BBB4B15BBE30 /* Pods-regexQuiz-regexQuizTests.debug.xcconfig */;
			buildSettings = {
				BUNDLE_LOADER = "$(TEST_HOST)";
				GCC_PREPROCESSOR_DEFINITIONS = (
					"DEBUG=1",
					"$(inherited)",
				);
				INFOPLIST_FILE = regexQuizTests/Info.plist;
				IPHONEOS_DEPLOYMENT_TARGET = 11.0;
				LD_RUNPATH_SEARCH_PATHS = (
					"$(inherited)",
					"@executable_path/Frameworks",
					"@loader_path/Frameworks",
				);
				OTHER_LDFLAGS = (
					"-ObjC",
					"-lc++",
					"$(inherited)",
				);
				PRODUCT_BUNDLE_IDENTIFIER = "org.reactjs.native.example.$(PRODUCT_NAME:rfc1034identifier)";
				PRODUCT_NAME = "$(TARGET_NAME)";
				TEST_HOST = "$(BUILT_PRODUCTS_DIR)/regexQuiz.app/regexQuiz";
			};
			name = Debug;
		};
		00E356F71AD99517003FC87E /* Release */ = {
			isa = XCBuildConfiguration;
			baseConfigurationReference = 1D0AE47A65C8663E3B452821 /* Pods-regexQuiz-regexQuizTests.release.xcconfig */;
			buildSettings = {
				BUNDLE_LOADER = "$(TEST_HOST)";
				COPY_PHASE_STRIP = NO;
				INFOPLIST_FILE = regexQuizTests/Info.plist;
				IPHONEOS_DEPLOYMENT_TARGET = 11.0;
				LD_RUNPATH_SEARCH_PATHS = (
					"$(inherited)",
					"@executable_path/Frameworks",
					"@loader_path/Frameworks",
				);
				OTHER_LDFLAGS = (
					"-ObjC",
					"-lc++",
					"$(inherited)",
				);
				PRODUCT_BUNDLE_IDENTIFIER = "org.reactjs.native.example.$(PRODUCT_NAME:rfc1034identifier)";
				PRODUCT_NAME = "$(TARGET_NAME)";
				TEST_HOST = "$(BUILT_PRODUCTS_DIR)/regexQuiz.app/regexQuiz";
			};
			name = Release;
		};
		13B07F941A680F5B00A75B9A /* Debug */ = {
			isa = XCBuildConfiguration;
			baseConfigurationReference = C0A881CF5CF3F2B244570E2A /* Pods-regexQuiz.debug.xcconfig */;
			buildSettings = {
				ASSETCATALOG_COMPILER_APPICON_NAME = AppIcon;
				CLANG_ENABLE_MODULES = YES;
				CURRENT_PROJECT_VERSION = 1;
				ENABLE_BITCODE = NO;
				INFOPLIST_FILE = regexQuiz/Info.plist;
				LD_RUNPATH_SEARCH_PATHS = (
					"$(inherited)",
					"@executable_path/Frameworks",
				);
				OTHER_LDFLAGS = (
					"$(inherited)",
					"-ObjC",
					"-lc++",
				);
				PRODUCT_BUNDLE_IDENTIFIER = "org.reactjs.native.example.$(PRODUCT_NAME:rfc1034identifier)";
				PRODUCT_NAME = regexQuiz;
				SWIFT_OPTIMIZATION_LEVEL = "-Onone";
				SWIFT_VERSION = 5.0;
				VERSIONING_SYSTEM = "apple-generic";
			};
			name = Debug;
		};
		13B07F951A680F5B00A75B9A /* Release */ = {
			isa = XCBuildConfiguration;
			baseConfigurationReference = D00AAFFCFCFDA5787532823F /* Pods-regexQuiz.release.xcconfig */;
			buildSettings = {
				ASSETCATALOG_COMPILER_APPICON_NAME = AppIcon;
				CLANG_ENABLE_MODULES = YES;
				CURRENT_PROJECT_VERSION = 1;
				INFOPLIST_FILE = regexQuiz/Info.plist;
				LD_RUNPATH_SEARCH_PATHS = (
					"$(inherited)",
					"@executable_path/Frameworks",
				);
				OTHER_LDFLAGS = (
					"$(inherited)",
					"-ObjC",
					"-lc++",
				);
				PRODUCT_BUNDLE_IDENTIFIER = "org.reactjs.native.example.$(PRODUCT_NAME:rfc1034identifier)";
				PRODUCT_NAME = regexQuiz;
				SWIFT_VERSION = 5.0;
				VERSIONING_SYSTEM = "apple-generic";
			};
			name = Release;
		};
		83CBBA201A601CBA00E9B192 /* Debug */ = {
			isa = XCBuildConfiguration;
			buildSettings = {
				ALWAYS_SEARCH_USER_PATHS = NO;
				CLANG_ANALYZER_LOCALIZABILITY_NONLOCALIZED = YES;
				CLANG_CXX_LANGUAGE_STANDARD = "gnu++0x";
				CLANG_CXX_LIBRARY = "libc++";
				CLANG_ENABLE_MODULES = YES;
				CLANG_ENABLE_OBJC_ARC = YES;
				CLANG_WARN_BLOCK_CAPTURE_AUTORELEASING = YES;
				CLANG_WARN_BOOL_CONVERSION = YES;
				CLANG_WARN_COMMA = YES;
				CLANG_WARN_CONSTANT_CONVERSION = YES;
				CLANG_WARN_DEPRECATED_OBJC_IMPLEMENTATIONS = YES;
				CLANG_WARN_DIRECT_OBJC_ISA_USAGE = YES_ERROR;
				CLANG_WARN_EMPTY_BODY = YES;
				CLANG_WARN_ENUM_CONVERSION = YES;
				CLANG_WARN_INFINITE_RECURSION = YES;
				CLANG_WARN_INT_CONVERSION = YES;
				CLANG_WARN_NON_LITERAL_NULL_CONVERSION = YES;
				CLANG_WARN_OBJC_IMPLICIT_RETAIN_SELF = YES;
				CLANG_WARN_OBJC_LITERAL_CONVERSION = YES;
				CLANG_WARN_OBJC_ROOT_CLASS = YES_ERROR;
				CLANG_WARN_QUOTED_INCLUDE_IN_FRAMEWORK_HEADER = YES;
				CLANG_WARN_RANGE_LOOP_ANALYSIS = YES;
				CLANG_WARN_STRICT_PROTOTYPES = YES;
				CLANG_WARN_SUSPICIOUS_MOVE = YES;
				CLANG_WARN_UNREACHABLE_CODE = YES;
				CLANG_WARN__DUPLICATE_METHOD_MATCH = YES;
				"CODE_SIGN_IDENTITY[sdk=iphoneos*]" = "iPhone Developer";
				COPY_PHASE_STRIP = NO;
				ENABLE_STRICT_OBJC_MSGSEND = YES;
				ENABLE_TESTABILITY = YES;
				"EXCLUDED_ARCHS[sdk=iphonesimulator*]" = "arm64 ";
				GCC_C_LANGUAGE_STANDARD = gnu99;
				GCC_DYNAMIC_NO_PIC = NO;
				GCC_NO_COMMON_BLOCKS = YES;
				GCC_OPTIMIZATION_LEVEL = 0;
				GCC_PREPROCESSOR_DEFINITIONS = (
					"DEBUG=1",
					"$(inherited)",
				);
				GCC_SYMBOLS_PRIVATE_EXTERN = NO;
				GCC_WARN_64_TO_32_BIT_CONVERSION = YES;
				GCC_WARN_ABOUT_RETURN_TYPE = YES_ERROR;
				GCC_WARN_UNDECLARED_SELECTOR = YES;
				GCC_WARN_UNINITIALIZED_AUTOS = YES_AGGRESSIVE;
				GCC_WARN_UNUSED_FUNCTION = YES;
				GCC_WARN_UNUSED_VARIABLE = YES;
				IPHONEOS_DEPLOYMENT_TARGET = 11.0;
				LD_RUNPATH_SEARCH_PATHS = (
					/usr/lib/swift,
					"$(inherited)",
				);
				LIBRARY_SEARCH_PATHS = (
					"\"$(SDKROOT)/usr/lib/swift\"",
					"\"$(TOOLCHAIN_DIR)/usr/lib/swift/$(PLATFORM_NAME)\"",
					"\"$(TOOLCHAIN_DIR)/usr/lib/swift-5.0/$(PLATFORM_NAME)\"",
					"\"$(inherited)\"",
				);
				MTL_ENABLE_DEBUG_INFO = YES;
				ONLY_ACTIVE_ARCH = YES;
				SDKROOT = iphoneos;
			};
			name = Debug;
		};
		83CBBA211A601CBA00E9B192 /* Release */ = {
			isa = XCBuildConfiguration;
			buildSettings = {
				ALWAYS_SEARCH_USER_PATHS = NO;
				CLANG_ANALYZER_LOCALIZABILITY_NONLOCALIZED = YES;
				CLANG_CXX_LANGUAGE_STANDARD = "gnu++0x";
				CLANG_CXX_LIBRARY = "libc++";
				CLANG_ENABLE_MODULES = YES;
				CLANG_ENABLE_OBJC_ARC = YES;
				CLANG_WARN_BLOCK_CAPTURE_AUTORELEASING = YES;
				CLANG_WARN_BOOL_CONVERSION = YES;
				CLANG_WARN_COMMA = YES;
				CLANG_WARN_CONSTANT_CONVERSION = YES;
				CLANG_WARN_DEPRECATED_OBJC_IMPLEMENTATIONS = YES;
				CLANG_WARN_DIRECT_OBJC_ISA_USAGE = YES_ERROR;
				CLANG_WARN_EMPTY_BODY = YES;
				CLANG_WARN_ENUM_CONVERSION = YES;
				CLANG_WARN_INFINITE_RECURSION = YES;
				CLANG_WARN_INT_CONVERSION = YES;
				CLANG_WARN_NON_LITERAL_NULL_CONVERSION = YES;
				CLANG_WARN_OBJC_IMPLICIT_RETAIN_SELF = YES;
				CLANG_WARN_OBJC_LITERAL_CONVERSION = YES;
				CLANG_WARN_OBJC_ROOT_CLASS = YES_ERROR;
				CLANG_WARN_QUOTED_INCLUDE_IN_FRAMEWORK_HEADER = YES;
				CLANG_WARN_RANGE_LOOP_ANALYSIS = YES;
				CLANG_WARN_STRICT_PROTOTYPES = YES;
				CLANG_WARN_SUSPICIOUS_MOVE = YES;
				CLANG_WARN_UNREACHABLE_CODE = YES;
				CLANG_WARN__DUPLICATE_METHOD_MATCH = YES;
				"CODE_SIGN_IDENTITY[sdk=iphoneos*]" = "iPhone Developer";
				COPY_PHASE_STRIP = YES;
				ENABLE_NS_ASSERTIONS = NO;
				ENABLE_STRICT_OBJC_MSGSEND = YES;
				"EXCLUDED_ARCHS[sdk=iphonesimulator*]" = "arm64 ";
				GCC_C_LANGUAGE_STANDARD = gnu99;
				GCC_NO_COMMON_BLOCKS = YES;
				GCC_WARN_64_TO_32_BIT_CONVERSION = YES;
				GCC_WARN_ABOUT_RETURN_TYPE = YES_ERROR;
				GCC_WARN_UNDECLARED_SELECTOR = YES;
				GCC_WARN_UNINITIALIZED_AUTOS = YES_AGGRESSIVE;
				GCC_WARN_UNUSED_FUNCTION = YES;
				GCC_WARN_UNUSED_VARIABLE = YES;
				IPHONEOS_DEPLOYMENT_TARGET = 11.0;
				LD_RUNPATH_SEARCH_PATHS = (
					/usr/lib/swift,
					"$(inherited)",
				);
				LIBRARY_SEARCH_PATHS = (
					"\"$(SDKROOT)/usr/lib/swift\"",
					"\"$(TOOLCHAIN_DIR)/usr/lib/swift/$(PLATFORM_NAME)\"",
					"\"$(TOOLCHAIN_DIR)/usr/lib/swift-5.0/$(PLATFORM_NAME)\"",
					"\"$(inherited)\"",
				);
				MTL_ENABLE_DEBUG_INFO = NO;
				SDKROOT = iphoneos;
				VALIDATE_PRODUCT = YES;
			};
			name = Release;
		};
/* End XCBuildConfiguration section */

/* Begin XCConfigurationList section */
		00E357021AD99517003FC87E /* Build configuration list for PBXNativeTarget "regexQuizTests" */ = {
			isa = XCConfigurationList;
			buildConfigurations = (
				00E356F61AD99517003FC87E /* Debug */,
				00E356F71AD99517003FC87E /* Release */,
			);
			defaultConfigurationIsVisible = 0;
			defaultConfigurationName = Release;
		};
		13B07F931A680F5B00A75B9A /* Build configuration list for PBXNativeTarget "regexQuiz" */ = {
			isa = XCConfigurationList;
			buildConfigurations = (
				13B07F941A680F5B00A75B9A /* Debug */,
				13B07F951A680F5B00A75B9A /* Release */,
			);
			defaultConfigurationIsVisible = 0;
			defaultConfigurationName = Release;
		};
		83CBB9FA1A601CBA00E9B192 /* Build configuration list for PBXProject "regexQuiz" */ = {
			isa = XCConfigurationList;
			buildConfigurations = (
				83CBBA201A601CBA00E9B192 /* Debug */,
				83CBBA211A601CBA00E9B192 /* Release */,
			);
			defaultConfigurationIsVisible = 0;
			defaultConfigurationName = Release;
		};
/* End XCConfigurationList section */
	};
	rootObject = 83CBB9F71A601CBA00E9B192 /* Project object */;
}
